
Microsoft Visual Studio Solution File, Format Version 12.00
# Visual Studio Version 17
VisualStudioVersion = 17.11.35327.3
MinimumVisualStudioVersion = 10.0.40219.1
Project("{FAE04EC0-301F-11D3-BF4B-00C04F79EFBC}") = "Array", "Array\Array.csproj", "{3576F243-4008-4F46-B7BD-011E9114D2B6}"
EndProject
Global
	GlobalSection(SolutionConfigurationPlatforms) = preSolution
		Debug|Any CPU = Debug|Any CPU
		Release|Any CPU = Release|Any CPU
	EndGlobalSection
	GlobalSection(ProjectConfigurationPlatforms) = postSolution
		{3576F243-4008-4F46-B7BD-011E9114D2B6}.Debug|Any CPU.ActiveCfg = Debug|Any CPU
		{3576F243-4008-4F46-B7BD-011E9114D2B6}.Debug|Any CPU.Build.0 = Debug|Any CPU
		{3576F243-4008-4F46-B7BD-011E9114D2B6}.Release|Any CPU.ActiveCfg = Release|Any CPU
		{3576F243-4008-4F46-B7BD-011E9114D2B6}.Release|Any CPU.Build.0 = Release|Any CPU
	EndGlobalSection
	GlobalSection(SolutionProperties) = preSolution
		HideSolutionNode = FALSE
	EndGlobalSection
	GlobalSection(ExtensibilityGlobals) = postSolution
		SolutionGuid = {FD2320C3-594E-491A-B0F8-9DA3C97B8B20}
	EndGlobalSection
EndGlobal
