
Microsoft Visual Studio Solution File, Format Version 12.00
# Visual Studio Version 17
VisualStudioVersion = 17.11.35327.3
MinimumVisualStudioVersion = 10.0.40219.1
Project("{FAE04EC0-301F-11D3-BF4B-00C04F79EFBC}") = "exection_handeling", "exection_handeling\exection_handeling.csproj", "{26D7F816-C4C4-4ADC-9001-0E004AC231B2}"
EndProject
Global
	GlobalSection(SolutionConfigurationPlatforms) = preSolution
		Debug|Any CPU = Debug|Any CPU
		Release|Any CPU = Release|Any CPU
	EndGlobalSection
	GlobalSection(ProjectConfigurationPlatforms) = postSolution
		{26D7F816-C4C4-4ADC-9001-0E004AC231B2}.Debug|Any CPU.ActiveCfg = Debug|Any CPU
		{26D7F816-C4C4-4ADC-9001-0E004AC231B2}.Debug|Any CPU.Build.0 = Debug|Any CPU
		{26D7F816-C4C4-4ADC-9001-0E004AC231B2}.Release|Any CPU.ActiveCfg = Release|Any CPU
		{26D7F816-C4C4-4ADC-9001-0E004AC231B2}.Release|Any CPU.Build.0 = Release|Any CPU
	EndGlobalSection
	GlobalSection(SolutionProperties) = preSolution
		HideSolutionNode = FALSE
	EndGlobalSection
	GlobalSection(ExtensibilityGlobals) = postSolution
		SolutionGuid = {BCC3A172-3E77-47E5-9EEA-DC73E76739AC}
	EndGlobalSection
EndGlobal
