
Microsoft Visual Studio Solution File, Format Version 12.00
# Visual Studio Version 17
VisualStudioVersion = 17.11.35327.3
MinimumVisualStudioVersion = 10.0.40219.1
Project("{FAE04EC0-301F-11D3-BF4B-00C04F79EFBC}") = "loops", "loops\loops.csproj", "{B43F5082-8E11-40A3-80F4-ADD3AA8252F3}"
EndProject
Global
	GlobalSection(SolutionConfigurationPlatforms) = preSolution
		Debug|Any CPU = Debug|Any CPU
		Release|Any CPU = Release|Any CPU
	EndGlobalSection
	GlobalSection(ProjectConfigurationPlatforms) = postSolution
		{B43F5082-8E11-40A3-80F4-ADD3AA8252F3}.Debug|Any CPU.ActiveCfg = Debug|Any CPU
		{B43F5082-8E11-40A3-80F4-ADD3AA8252F3}.Debug|Any CPU.Build.0 = Debug|Any CPU
		{B43F5082-8E11-40A3-80F4-ADD3AA8252F3}.Release|Any CPU.ActiveCfg = Release|Any CPU
		{B43F5082-8E11-40A3-80F4-ADD3AA8252F3}.Release|Any CPU.Build.0 = Release|Any CPU
	EndGlobalSection
	GlobalSection(SolutionProperties) = preSolution
		HideSolutionNode = FALSE
	EndGlobalSection
	GlobalSection(ExtensibilityGlobals) = postSolution
		SolutionGuid = {4D310668-C3BA-4E48-A5BD-16ED798F13F0}
	EndGlobalSection
EndGlobal
